<?xml version="1.0" encoding="utf-8"?>
<Project ToolsVersion="4.0" xmlns="http://schemas.microsoft.com/developer/msbuild/2003">
  <ItemGroup>
    <Filter Include="Source Files">
      <UniqueIdentifier>{4FC737F1-C7A5-4376-A066-2A32D752A2FF}</UniqueIdentifier>
      <Extensions>cpp;c;cc;cxx;def;odl;idl;hpj;bat;asm;asmx</Extensions>
    </Filter>
    <Filter Include="Header Files">
      <UniqueIdentifier>{93995380-89BD-4b04-88EB-625FBE52EBFB}</UniqueIdentifier>
      <Extensions>h;hh;hpp;hxx;hm;inl;inc;ipp;xsd</Extensions>
    </Filter>
    <Filter Include="Resource Files">
      <UniqueIdentifier>{67DA6AB6-F800-4c08-8B7A-83BB121AAD01}</UniqueIdentifier>
      <Extensions>rc;ico;cur;bmp;dlg;rc2;rct;bin;rgs;gif;jpg;jpeg;jpe;resx;tiff;tif;png;wav;mfcribbon-ms</Extensions>
    </Filter>
    <Filter Include="Source Files\Project Classes">
      <UniqueIdentifier>{a0c92816-06b6-4292-be48-9ddf3db928fe}</UniqueIdentifier>
    </Filter>
    <Filter Include="Header Files\Project Classes">
      <UniqueIdentifier>{0dd6654d-4f34-47f4-bf6f-b44ca4c209a5}</UniqueIdentifier>
    </Filter>
  </ItemGroup>
  <ItemGroup>
    <ClCompile Include="Main.cpp">
      <Filter>Source Files</Filter>
    </ClCompile>
    <ClCompile Include="WindowHelper.cpp">
      <Filter>Source Files</Filter>
    </ClCompile>
    <ClCompile Include="D3D11Helper.cpp">
      <Filter>Source Files</Filter>
    </ClCompile>
    <ClCompile Include="PipelineHelper.cpp">
      <Filter>Source Files</Filter>
    </ClCompile>
    <ClCompile Include="CameraD3D11.cpp">
      <Filter>Source Files\Project Classes</Filter>
    </ClCompile>
    <ClCompile Include="ConstantBufferD3D11.cpp">
      <Filter>Source Files\Project Classes</Filter>
    </ClCompile>
    <ClCompile Include="DepthBufferD3D11.cpp">
      <Filter>Source Files\Project Classes</Filter>
    </ClCompile>
    <ClCompile Include="IndexBufferD3D11.cpp">
      <Filter>Source Files\Project Classes</Filter>
    </ClCompile>
    <ClCompile Include="InputLayoutD3D11.cpp">
      <Filter>Source Files\Project Classes</Filter>
    </ClCompile>
    <ClCompile Include="MeshD3D11.cpp">
      <Filter>Source Files\Project Classes</Filter>
    </ClCompile>
    <ClCompile Include="RenderTargetD3D11.cpp">
      <Filter>Source Files\Project Classes</Filter>
    </ClCompile>
    <ClCompile Include="SamplerD3D11.cpp">
      <Filter>Source Files\Project Classes</Filter>
    </ClCompile>
    <ClCompile Include="ShaderD3D11.cpp">
      <Filter>Source Files\Project Classes</Filter>
    </ClCompile>
    <ClCompile Include="ShaderResourceTextureD3D11.cpp">
      <Filter>Source Files\Project Classes</Filter>
    </ClCompile>
    <ClCompile Include="SpotLightCollectionD3D11.cpp">
      <Filter>Source Files\Project Classes</Filter>
    </ClCompile>
    <ClCompile Include="StructuredBufferD3D11.cpp">
      <Filter>Source Files\Project Classes</Filter>
    </ClCompile>
    <ClCompile Include="SubMeshD3D11.cpp">
      <Filter>Source Files\Project Classes</Filter>
    </ClCompile>
    <ClCompile Include="VertexBufferD3D11.cpp">
      <Filter>Source Files\Project Classes</Filter>
    </ClCompile>
    <ClCompile Include="SceneHelper.cpp">
      <Filter>Source Files</Filter>
    </ClCompile>
    <ClCompile Include="MainCamera.cpp">
      <Filter>Source Files\Project Classes</Filter>
    </ClCompile>
    <ClCompile Include="RenderHelper.cpp">
      <Filter>Source Files</Filter>
    </ClCompile>
    <ClCompile Include="DirectionalLight.cpp">
      <Filter>Source Files\Project Classes</Filter>
    </ClCompile>
    <ClCompile Include="QuadTree.cpp">
      <Filter>Source Files\Project Classes</Filter>
    </ClCompile>
  </ItemGroup>
  <ItemGroup>
    <FxCompile Include="DeferredVS.hlsl">
      <Filter>Resource Files</Filter>
    </FxCompile>
    <FxCompile Include="DeferredPS.hlsl">
      <Filter>Resource Files</Filter>
    </FxCompile>
    <FxCompile Include="ReflectiveCubeVS.hlsl">
      <Filter>Resource Files</Filter>
    </FxCompile>
    <FxCompile Include="ReflectiveCubePS.hlsl">
      <Filter>Resource Files</Filter>
    </FxCompile>
    <FxCompile Include="DeferredCS.hlsl">
      <Filter>Resource Files</Filter>
    </FxCompile>
    <FxCompile Include="ShadowVS.hlsl">
      <Filter>Resource Files</Filter>
    </FxCompile>
    <FxCompile Include="ReflectiveCubeCS.hlsl">
      <Filter>Resource Files</Filter>
    </FxCompile>
    <FxCompile Include="ParticleCS.hlsl">
      <Filter>Resource Files</Filter>
    </FxCompile>
    <FxCompile Include="ParticleVS.hlsl">
      <Filter>Resource Files</Filter>
    </FxCompile>
    <FxCompile Include="ParticleGS.hlsl">
      <Filter>Resource Files</Filter>
    </FxCompile>
    <FxCompile Include="ParticlePS.hlsl">
      <Filter>Resource Files</Filter>
    </FxCompile>
    <FxCompile Include="TessellationDS.hlsl">
      <Filter>Resource Files</Filter>
    </FxCompile>
    <FxCompile Include="TessellationHS.hlsl">
      <Filter>Resource Files</Filter>
    </FxCompile>
    <FxCompile Include="CullingPS.hlsl">
      <Filter>Resource Files</Filter>
    </FxCompile>
    <FxCompile Include="CullingVS.hlsl">
      <Filter>Resource Files</Filter>
    </FxCompile>
    <FxCompile Include="VolumetricFogCS.hlsl">
      <Filter>Resource Files</Filter>
    </FxCompile>
  </ItemGroup>
  <ItemGroup>
    <ClInclude Include="WindowHelper.h">
      <Filter>Header Files</Filter>
    </ClInclude>
    <ClInclude Include="D3D11Helper.h">
      <Filter>Header Files</Filter>
    </ClInclude>
    <ClInclude Include="PipelineHelper.h">
      <Filter>Header Files</Filter>
    </ClInclude>
    <ClInclude Include="CameraD3D11.h">
      <Filter>Header Files\Project Classes</Filter>
    </ClInclude>
    <ClInclude Include="ConstantBufferD3D11.h">
      <Filter>Header Files\Project Classes</Filter>
    </ClInclude>
    <ClInclude Include="DepthBufferD3D11.h">
      <Filter>Header Files\Project Classes</Filter>
    </ClInclude>
    <ClInclude Include="IndexBufferD3D11.h">
      <Filter>Header Files\Project Classes</Filter>
    </ClInclude>
    <ClInclude Include="InputLayoutD3D11.h">
      <Filter>Header Files\Project Classes</Filter>
    </ClInclude>
    <ClInclude Include="MeshD3D11.h">
      <Filter>Header Files\Project Classes</Filter>
    </ClInclude>
    <ClInclude Include="RenderTargetD3D11.h">
      <Filter>Header Files\Project Classes</Filter>
    </ClInclude>
    <ClInclude Include="SamplerD3D11.h">
      <Filter>Header Files\Project Classes</Filter>
    </ClInclude>
    <ClInclude Include="ShaderD3D11.h">
      <Filter>Header Files\Project Classes</Filter>
    </ClInclude>
    <ClInclude Include="ShaderResourceTextureD3D11.h">
      <Filter>Header Files\Project Classes</Filter>
    </ClInclude>
    <ClInclude Include="SpotLightCollectionD3D11.h">
      <Filter>Header Files\Project Classes</Filter>
    </ClInclude>
    <ClInclude Include="StructuredBufferD3D11.h">
      <Filter>Header Files\Project Classes</Filter>
    </ClInclude>
    <ClInclude Include="SubMeshD3D11.h">
      <Filter>Header Files\Project Classes</Filter>
    </ClInclude>
    <ClInclude Include="VertexBufferD3D11.h">
      <Filter>Header Files\Project Classes</Filter>
    </ClInclude>
    <ClInclude Include="stb_image.h">
      <Filter>Header Files</Filter>
    </ClInclude>
    <ClInclude Include="SceneHelper.h">
      <Filter>Header Files</Filter>
    </ClInclude>
    <ClInclude Include="MainCamera.h">
      <Filter>Header Files\Project Classes</Filter>
    </ClInclude>
    <ClInclude Include="OBJ_Loader.h">
      <Filter>Header Files</Filter>
    </ClInclude>
    <ClInclude Include="RenderHelper.h">
      <Filter>Header Files</Filter>
    </ClInclude>
    <ClInclude Include="DirectionalLight.h">
      <Filter>Header Files\Project Classes</Filter>
    </ClInclude>
    <ClInclude Include="QuadTree.h">
      <Filter>Header Files\Project Classes</Filter>
    </ClInclude>
    <ClInclude Include="resource.h">
      <Filter>Header Files</Filter>
    </ClInclude>
  </ItemGroup>
</Project>